// !$*UTF8*$!
{
	archiveVersion = 1;
	classes = {
	};
	objectVersion = 46;
	objects = {

/* Begin PBXBuildFile section */
		329BBD0F16379DBB0094896A /* main.cpp in Sources */ = {isa = PBXBuildFile; fileRef = 329BBD0E16379DBB0094896A /* main.cpp */; };
		329BBD1116379DBB0094896A /* Wire_Routing.1 in CopyFiles */ = {isa = PBXBuildFile; fileRef = 329BBD1016379DBB0094896A /* Wire_Routing.1 */; };
/* End PBXBuildFile section */

/* Begin PBXCopyFilesBuildPhase section */
		329BBD0816379DBB0094896A /* CopyFiles */ = {
			isa = PBXCopyFilesBuildPhase;
			buildActionMask = 2147483647;
			dstPath = /usr/share/man/man1/;
			dstSubfolderSpec = 0;
			files = (
				329BBD1116379DBB0094896A /* Wire_Routing.1 in CopyFiles */,
			);
			runOnlyForDeploymentPostprocessing = 1;
		};
/* End PBXCopyFilesBuildPhase section */

/* Begin PBXFileReference section */
		329BBD0A16379DBB0094896A /* Wire_Routing */ = {isa = PBXFileReference; explicitFileType = "compiled.mach-o.executable"; includeInIndex = 0; path = Wire_Routing; sourceTree = BUILT_PRODUCTS_DIR; };
		329BBD0E16379DBB0094896A /* main.cpp */ = {isa = PBXFileReference; lastKnownFileType = sourcecode.cpp.cpp; path = main.cpp; sourceTree = "<group>"; };
		329BBD1016379DBB0094896A /* Wire_Routing.1 */ = {isa = PBXFileReference; lastKnownFileType = text.man; path = Wire_Routing.1; sourceTree = "<group>"; };
/* End PBXFileReference section */

/* Begin PBXFrameworksBuildPhase section */
		329BBD0716379DBB0094896A /* Frameworks */ = {
			isa = PBXFrameworksBuildPhase;
			buildActionMask = 2147483647;
			files = (
			);
			runOnlyForDeploymentPostprocessing = 0;
		};
/* End PBXFrameworksBuildPhase section */

/* Begin PBXGroup section */
		329BBCFF16379DBB0094896A = {
			isa = PBXGroup;
			children = (
				329BBD0D16379DBB0094896A /* Wire_Routing */,
				329BBD0B16379DBB0094896A /* Products */,
			);
			sourceTree = "<group>";
		};
		329BBD0B16379DBB0094896A /* Products */ = {
			isa = PBXGroup;
			children = (
				329BBD0A16379DBB0094896A /* Wire_Routing */,
			);
			name = Products;
			sourceTree = "<group>";
		};
		329BBD0D16379DBB0094896A /* Wire_Routing */ = {
			isa = PBXGroup;
			children = (
				329BBD0E16379DBB0094896A /* main.cpp */,
				329BBD1016379DBB0094896A /* Wire_Routing.1 */,
			);
			path = Wire_Routing;
			sourceTree = "<group>";
		};
/* End PBXGroup section */

/* Begin PBXNativeTarget section */
		329BBD0916379DBB0094896A /* Wire_Routing */ = {
			isa = PBXNativeTarget;
			buildConfigurationList = 329BBD1416379DBB0094896A /* Build configuration list for PBXNativeTarget "Wire_Routing" */;
			buildPhases = (
				329BBD0616379DBB0094896A /* Sources */,
				329BBD0716379DBB0094896A /* Frameworks */,
				329BBD0816379DBB0094896A /* CopyFiles */,
			);
			buildRules = (
			);
			dependencies = (
			);
			name = Wire_Routing;
			productName = Wire_Routing;
			productReference = 329BBD0A16379DBB0094896A /* Wire_Routing */;
			productType = "com.apple.product-type.tool";
		};
/* End PBXNativeTarget section */

/* Begin PBXProject section */
		329BBD0116379DBB0094896A /* Project object */ = {
			isa = PBXProject;
			attributes = {
				LastUpgradeCheck = 0420;
			};
			buildConfigurationList = 329BBD0416379DBB0094896A /* Build configuration list for PBXProject "Wire_Routing" */;
			compatibilityVersion = "Xcode 3.2";
			developmentRegion = English;
			hasScannedForEncodings = 0;
			knownRegions = (
				en,
			);
			mainGroup = 329BBCFF16379DBB0094896A;
			productRefGroup = 329BBD0B16379DBB0094896A /* Products */;
			projectDirPath = "";
			projectRoot = "";
			targets = (
				329BBD0916379DBB0094896A /* Wire_Routing */,
			);
		};
/* End PBXProject section */

/* Begin PBXSourcesBuildPhase section */
		329BBD0616379DBB0094896A /* Sources */ = {
			isa = PBXSourcesBuildPhase;
			buildActionMask = 2147483647;
			files = (
				329BBD0F16379DBB0094896A /* main.cpp in Sources */,
			);
			runOnlyForDeploymentPostprocessing = 0;
		};
/* End PBXSourcesBuildPhase section */

/* Begin XCBuildConfiguration section */
		329BBD1216379DBB0094896A /* Debug */ = {
			isa = XCBuildConfiguration;
			buildSettings = {
				ALWAYS_SEARCH_USER_PATHS = NO;
				ARCHS = "$(ARCHS_STANDARD_64_BIT)";
				CLANG_ENABLE_OBJC_ARC = YES;
				COPY_PHASE_STRIP = NO;
				GCC_C_LANGUAGE_STANDARD = gnu99;
				GCC_DYNAMIC_NO_PIC = NO;
				GCC_ENABLE_OBJC_EXCEPTIONS = YES;
				GCC_OPTIMIZATION_LEVEL = 0;
				GCC_PREPROCESSOR_DEFINITIONS = (
					"DEBUG=1",
					"$(inherited)",
				);
				GCC_SYMBOLS_PRIVATE_EXTERN = NO;
				GCC_VERSION = com.apple.compilers.llvm.clang.1_0;
				GCC_WARN_64_TO_32_BIT_CONVERSION = YES;
				GCC_WARN_ABOUT_MISSING_PROTOTYPES = YES;
				GCC_WARN_ABOUT_RETURN_TYPE = YES;
				GCC_WARN_UNUSED_VARIABLE = YES;
				MACOSX_DEPLOYMENT_TARGET = 10.7;
				ONLY_ACTIVE_ARCH = YES;
				SDKROOT = macosx;
			};
			name = Debug;
		};
		329BBD1316379DBB0094896A /* Release */ = {
			isa = XCBuildConfiguration;
			buildSettings = {
				ALWAYS_SEARCH_USER_PATHS = NO;
				ARCHS = "$(ARCHS_STANDARD_64_BIT)";
				CLANG_ENABLE_OBJC_ARC = YES;
				COPY_PHASE_STRIP = YES;
				DEBUG_INFORMATION_FORMAT = "dwarf-with-dsym";
				GCC_C_LANGUAGE_STANDARD = gnu99;
				GCC_ENABLE_OBJC_EXCEPTIONS = YES;
				GCC_VERSION = com.apple.compilers.llvm.clang.1_0;
				GCC_WARN_64_TO_32_BIT_CONVERSION = YES;
				GCC_WARN_ABOUT_MISSING_PROTOTYPES = YES;
				GCC_WARN_ABOUT_RETURN_TYPE = YES;
				GCC_WARN_UNUSED_VARIABLE = YES;
				MACOSX_DEPLOYMENT_TARGET = 10.7;
				SDKROOT = macosx;
			};
			name = Release;
		};
		329BBD1516379DBB0094896A /* Debug */ = {
			isa = XCBuildConfiguration;
			buildSettings = {
				PRODUCT_NAME = "$(TARGET_NAME)";
			};
			name = Debug;
		};
		329BBD1616379DBB0094896A /* Release */ = {
			isa = XCBuildConfiguration;
			buildSettings = {
				PRODUCT_NAME = "$(TARGET_NAME)";
			};
			name = Release;
		};
/* End XCBuildConfiguration section */

/* Begin XCConfigurationList section */
		329BBD0416379DBB0094896A /* Build configuration list for PBXProject "Wire_Routing" */ = {
			isa = XCConfigurationList;
			buildConfigurations = (
				329BBD1216379DBB0094896A /* Debug */,
				329BBD1316379DBB0094896A /* Release */,
			);
			defaultConfigurationIsVisible = 0;
			defaultConfigurationName = Release;
		};
		329BBD1416379DBB0094896A /* Build configuration list for PBXNativeTarget "Wire_Routing" */ = {
			isa = XCConfigurationList;
			buildConfigurations = (
				329BBD1516379DBB0094896A /* Debug */,
				329BBD1616379DBB0094896A /* Release */,
			);
			defaultConfigurationIsVisible = 0;
		};
/* End XCConfigurationList section */
	};
	rootObject = 329BBD0116379DBB0094896A /* Project object */;
}
